{
  "requires": true,
  "lockfileVersion": 1,
  "dependencies": {
    "vue-i18n": {
      "version": "8.14.0",
      "resolved": "https://registry.npmjs.org/vue-i18n/-/vue-i18n-8.14.0.tgz",
      "integrity": "sha512-utI1Rvc8i+fmmUkkKRmHaf4QQ87s7rGVL5ZZLsKvvRzmgaIr1l+GfGxxxRmsZxHpPlgeB8OxoUZ4noqZgDL6xg=="
    }
  }
}
